// !$*UTF8*$!
{
	archiveVersion = 1;
	classes = {
	};
	objectVersion = 50;
	objects = {

/* Begin PBXBuildFile section */
		355D25AE2718A57800A617B1 /* CVCellListView.swift in Sources */ = {isa = PBXBuildFile; fileRef = 355D25AD2718A57800A617B1 /* CVCellListView.swift */; };
		359476AA2715A0F300CB65D6 /* MyCVApp.swift in Sources */ = {isa = PBXBuildFile; fileRef = 359476A92715A0F300CB65D6 /* MyCVApp.swift */; };
		359476AC2715A0F300CB65D6 /* ContentView.swift in Sources */ = {isa = PBXBuildFile; fileRef = 359476AB2715A0F300CB65D6 /* ContentView.swift */; };
		359476AE2715A0F300CB65D6 /* Assets.xcassets in Resources */ = {isa = PBXBuildFile; fileRef = 359476AD2715A0F300CB65D6 /* Assets.xcassets */; };
		359476B12715A0F300CB65D6 /* Preview Assets.xcassets in Resources */ = {isa = PBXBuildFile; fileRef = 359476B02715A0F300CB65D6 /* Preview Assets.xcassets */; };
		359476BC2715A0F300CB65D6 /* MyCVTests.swift in Sources */ = {isa = PBXBuildFile; fileRef = 359476BB2715A0F300CB65D6 /* MyCVTests.swift */; };
		359476C72715A0F400CB65D6 /* MyCVUITests.swift in Sources */ = {isa = PBXBuildFile; fileRef = 359476C62715A0F400CB65D6 /* MyCVUITests.swift */; };
		359476D92715A7A700CB65D6 /* CVListView.swift in Sources */ = {isa = PBXBuildFile; fileRef = 359476D82715A7A700CB65D6 /* CVListView.swift */; };
/* End PBXBuildFile section */

/* Begin PBXContainerItemProxy section */
		359476B82715A0F300CB65D6 /* PBXContainerItemProxy */ = {
			isa = PBXContainerItemProxy;
			containerPortal = 3594769E2715A0F300CB65D6 /* Project object */;
			proxyType = 1;
			remoteGlobalIDString = 359476A52715A0F300CB65D6;
			remoteInfo = MyCV;
		};
		359476C32715A0F300CB65D6 /* PBXContainerItemProxy */ = {
			isa = PBXContainerItemProxy;
			containerPortal = 3594769E2715A0F300CB65D6 /* Project object */;
			proxyType = 1;
			remoteGlobalIDString = 359476A52715A0F300CB65D6;
			remoteInfo = MyCV;
		};
/* End PBXContainerItemProxy section */

/* Begin PBXFileReference section */
		355D25AD2718A57800A617B1 /* CVCellListView.swift */ = {isa = PBXFileReference; lastKnownFileType = sourcecode.swift; path = CVCellListView.swift; sourceTree = "<group>"; };
		359476A62715A0F300CB65D6 /* MyCV.app */ = {isa = PBXFileReference; explicitFileType = wrapper.application; includeInIndex = 0; path = MyCV.app; sourceTree = BUILT_PRODUCTS_DIR; };
		359476A92715A0F300CB65D6 /* MyCVApp.swift */ = {isa = PBXFileReference; lastKnownFileType = sourcecode.swift; path = MyCVApp.swift; sourceTree = "<group>"; };
		359476AB2715A0F300CB65D6 /* ContentView.swift */ = {isa = PBXFileReference; lastKnownFileType = sourcecode.swift; path = ContentView.swift; sourceTree = "<group>"; };
		359476AD2715A0F300CB65D6 /* Assets.xcassets */ = {isa = PBXFileReference; lastKnownFileType = folder.assetcatalog; path = Assets.xcassets; sourceTree = "<group>"; };
		359476B02715A0F300CB65D6 /* Preview Assets.xcassets */ = {isa = PBXFileReference; lastKnownFileType = folder.assetcatalog; path = "Preview Assets.xcassets"; sourceTree = "<group>"; };
		359476B22715A0F300CB65D6 /* Info.plist */ = {isa = PBXFileReference; lastKnownFileType = text.plist.xml; path = Info.plist; sourceTree = "<group>"; };
		359476B72715A0F300CB65D6 /* MyCVTests.xctest */ = {isa = PBXFileReference; explicitFileType = wrapper.cfbundle; includeInIndex = 0; path = MyCVTests.xctest; sourceTree = BUILT_PRODUCTS_DIR; };
		359476BB2715A0F300CB65D6 /* MyCVTests.swift */ = {isa = PBXFileReference; lastKnownFileType = sourcecode.swift; path = MyCVTests.swift; sourceTree = "<group>"; };
		359476BD2715A0F300CB65D6 /* Info.plist */ = {isa = PBXFileReference; lastKnownFileType = text.plist.xml; path = Info.plist; sourceTree = "<group>"; };
		359476C22715A0F300CB65D6 /* MyCVUITests.xctest */ = {isa = PBXFileReference; explicitFileType = wrapper.cfbundle; includeInIndex = 0; path = MyCVUITests.xctest; sourceTree = BUILT_PRODUCTS_DIR; };
		359476C62715A0F400CB65D6 /* MyCVUITests.swift */ = {isa = PBXFileReference; lastKnownFileType = sourcecode.swift; path = MyCVUITests.swift; sourceTree = "<group>"; };
		359476C82715A0F400CB65D6 /* Info.plist */ = {isa = PBXFileReference; lastKnownFileType = text.plist.xml; path = Info.plist; sourceTree = "<group>"; };
		359476D82715A7A700CB65D6 /* CVListView.swift */ = {isa = PBXFileReference; lastKnownFileType = sourcecode.swift; path = CVListView.swift; sourceTree = "<group>"; };
/* End PBXFileReference section */

/* Begin PBXFrameworksBuildPhase section */
		359476A32715A0F300CB65D6 /* Frameworks */ = {
			isa = PBXFrameworksBuildPhase;
			buildActionMask = 2147483647;
			files = (
			);
			runOnlyForDeploymentPostprocessing = 0;
		};
		359476B42715A0F300CB65D6 /* Frameworks */ = {
			isa = PBXFrameworksBuildPhase;
			buildActionMask = 2147483647;
			files = (
			);
			runOnlyForDeploymentPostprocessing = 0;
		};
		359476BF2715A0F300CB65D6 /* Frameworks */ = {
			isa = PBXFrameworksBuildPhase;
			buildActionMask = 2147483647;
			files = (
			);
			runOnlyForDeploymentPostprocessing = 0;
		};
/* End PBXFrameworksBuildPhase section */

/* Begin PBXGroup section */
		3594769D2715A0F300CB65D6 = {
			isa = PBXGroup;
			children = (
				359476A82715A0F300CB65D6 /* MyCV */,
				359476BA2715A0F300CB65D6 /* MyCVTests */,
				359476C52715A0F300CB65D6 /* MyCVUITests */,
				359476A72715A0F300CB65D6 /* Products */,
			);
			sourceTree = "<group>";
		};
		359476A72715A0F300CB65D6 /* Products */ = {
			isa = PBXGroup;
			children = (
				359476A62715A0F300CB65D6 /* MyCV.app */,
				359476B72715A0F300CB65D6 /* MyCVTests.xctest */,
				359476C22715A0F300CB65D6 /* MyCVUITests.xctest */,
			);
			name = Products;
			sourceTree = "<group>";
		};
		359476A82715A0F300CB65D6 /* MyCV */ = {
			isa = PBXGroup;
			children = (
				359476D42715A75A00CB65D6 /* Design */,
				359476A92715A0F300CB65D6 /* MyCVApp.swift */,
				359476AB2715A0F300CB65D6 /* ContentView.swift */,
				359476AD2715A0F300CB65D6 /* Assets.xcassets */,
				359476B22715A0F300CB65D6 /* Info.plist */,
				359476AF2715A0F300CB65D6 /* Preview Content */,
			);
			path = MyCV;
			sourceTree = "<group>";
		};
		359476AF2715A0F300CB65D6 /* Preview Content */ = {
			isa = PBXGroup;
			children = (
				359476B02715A0F300CB65D6 /* Preview Assets.xcassets */,
			);
			path = "Preview Content";
			sourceTree = "<group>";
		};
		359476BA2715A0F300CB65D6 /* MyCVTests */ = {
			isa = PBXGroup;
			children = (
				359476BB2715A0F300CB65D6 /* MyCVTests.swift */,
				359476BD2715A0F300CB65D6 /* Info.plist */,
			);
			path = MyCVTests;
			sourceTree = "<group>";
		};
		359476C52715A0F300CB65D6 /* MyCVUITests */ = {
			isa = PBXGroup;
			children = (
				359476C62715A0F400CB65D6 /* MyCVUITests.swift */,
				359476C82715A0F400CB65D6 /* Info.plist */,
			);
			path = MyCVUITests;
			sourceTree = "<group>";
		};
		359476D42715A75A00CB65D6 /* Design */ = {
			isa = PBXGroup;
			children = (
				359476D52715A76500CB65D6 /* Features */,
			);
			path = Design;
			sourceTree = "<group>";
		};
		359476D52715A76500CB65D6 /* Features */ = {
			isa = PBXGroup;
			children = (
				359476D62715A77300CB65D6 /* CVList */,
			);
			path = Features;
			sourceTree = "<group>";
		};
		359476D62715A77300CB65D6 /* CVList */ = {
			isa = PBXGroup;
			children = (
				359476D72715A78D00CB65D6 /* View */,
			);
			path = CVList;
			sourceTree = "<group>";
		};
		359476D72715A78D00CB65D6 /* View */ = {
			isa = PBXGroup;
			children = (
				359476D82715A7A700CB65D6 /* CVListView.swift */,
				355D25AD2718A57800A617B1 /* CVCellListView.swift */,
			);
			path = View;
			sourceTree = "<group>";
		};
/* End PBXGroup section */

/* Begin PBXNativeTarget section */
		359476A52715A0F300CB65D6 /* MyCV */ = {
			isa = PBXNativeTarget;
			buildConfigurationList = 359476CB2715A0F400CB65D6 /* Build configuration list for PBXNativeTarget "MyCV" */;
			buildPhases = (
				359476A22715A0F300CB65D6 /* Sources */,
				359476A32715A0F300CB65D6 /* Frameworks */,
				359476A42715A0F300CB65D6 /* Resources */,
			);
			buildRules = (
			);
			dependencies = (
			);
			name = MyCV;
			productName = MyCV;
			productReference = 359476A62715A0F300CB65D6 /* MyCV.app */;
			productType = "com.apple.product-type.application";
		};
		359476B62715A0F300CB65D6 /* MyCVTests */ = {
			isa = PBXNativeTarget;
			buildConfigurationList = 359476CE2715A0F400CB65D6 /* Build configuration list for PBXNativeTarget "MyCVTests" */;
			buildPhases = (
				359476B32715A0F300CB65D6 /* Sources */,
				359476B42715A0F300CB65D6 /* Frameworks */,
				359476B52715A0F300CB65D6 /* Resources */,
			);
			buildRules = (
			);
			dependencies = (
				359476B92715A0F300CB65D6 /* PBXTargetDependency */,
			);
			name = MyCVTests;
			productName = MyCVTests;
			productReference = 359476B72715A0F300CB65D6 /* MyCVTests.xctest */;
			productType = "com.apple.product-type.bundle.unit-test";
		};
		359476C12715A0F300CB65D6 /* MyCVUITests */ = {
			isa = PBXNativeTarget;
			buildConfigurationList = 359476D12715A0F400CB65D6 /* Build configuration list for PBXNativeTarget "MyCVUITests" */;
			buildPhases = (
				359476BE2715A0F300CB65D6 /* Sources */,
				359476BF2715A0F300CB65D6 /* Frameworks */,
				359476C02715A0F300CB65D6 /* Resources */,
			);
			buildRules = (
			);
			dependencies = (
				359476C42715A0F300CB65D6 /* PBXTargetDependency */,
			);
			name = MyCVUITests;
			productName = MyCVUITests;
			productReference = 359476C22715A0F300CB65D6 /* MyCVUITests.xctest */;
			productType = "com.apple.product-type.bundle.ui-testing";
		};
/* End PBXNativeTarget section */

/* Begin PBXProject section */
		3594769E2715A0F300CB65D6 /* Project object */ = {
			isa = PBXProject;
			attributes = {
				LastSwiftUpdateCheck = 1250;
				LastUpgradeCheck = 1250;
				TargetAttributes = {
					359476A52715A0F300CB65D6 = {
						CreatedOnToolsVersion = 12.5;
					};
					359476B62715A0F300CB65D6 = {
						CreatedOnToolsVersion = 12.5;
						TestTargetID = 359476A52715A0F300CB65D6;
					};
					359476C12715A0F300CB65D6 = {
						CreatedOnToolsVersion = 12.5;
						TestTargetID = 359476A52715A0F300CB65D6;
					};
				};
			};
			buildConfigurationList = 359476A12715A0F300CB65D6 /* Build configuration list for PBXProject "MyCV" */;
			compatibilityVersion = "Xcode 9.3";
			developmentRegion = en;
			hasScannedForEncodings = 0;
			knownRegions = (
				en,
				Base,
			);
			mainGroup = 3594769D2715A0F300CB65D6;
			productRefGroup = 359476A72715A0F300CB65D6 /* Products */;
			projectDirPath = "";
			projectRoot = "";
			targets = (
				359476A52715A0F300CB65D6 /* MyCV */,
				359476B62715A0F300CB65D6 /* MyCVTests */,
				359476C12715A0F300CB65D6 /* MyCVUITests */,
			);
		};
/* End PBXProject section */

/* Begin PBXResourcesBuildPhase section */
		359476A42715A0F300CB65D6 /* Resources */ = {
			isa = PBXResourcesBuildPhase;
			buildActionMask = 2147483647;
			files = (
				359476B12715A0F300CB65D6 /* Preview Assets.xcassets in Resources */,
				359476AE2715A0F300CB65D6 /* Assets.xcassets in Resources */,
			);
			runOnlyForDeploymentPostprocessing = 0;
		};
		359476B52715A0F300CB65D6 /* Resources */ = {
			isa = PBXResourcesBuildPhase;
			buildActionMask = 2147483647;
			files = (
			);
			runOnlyForDeploymentPostprocessing = 0;
		};
		359476C02715A0F300CB65D6 /* Resources */ = {
			isa = PBXResourcesBuildPhase;
			buildActionMask = 2147483647;
			files = (
			);
			runOnlyForDeploymentPostprocessing = 0;
		};
/* End PBXResourcesBuildPhase section */

/* Begin PBXSourcesBuildPhase section */
		359476A22715A0F300CB65D6 /* Sources */ = {
			isa = PBXSourcesBuildPhase;
			buildActionMask = 2147483647;
			files = (
				359476AC2715A0F300CB65D6 /* ContentView.swift in Sources */,
				359476AA2715A0F300CB65D6 /* MyCVApp.swift in Sources */,
				359476D92715A7A700CB65D6 /* CVListView.swift in Sources */,
				355D25AE2718A57800A617B1 /* CVCellListView.swift in Sources */,
			);
			runOnlyForDeploymentPostprocessing = 0;
		};
		359476B32715A0F300CB65D6 /* Sources */ = {
			isa = PBXSourcesBuildPhase;
			buildActionMask = 2147483647;
			files = (
				359476BC2715A0F300CB65D6 /* MyCVTests.swift in Sources */,
			);
			runOnlyForDeploymentPostprocessing = 0;
		};
		359476BE2715A0F300CB65D6 /* Sources */ = {
			isa = PBXSourcesBuildPhase;
			buildActionMask = 2147483647;
			files = (
				359476C72715A0F400CB65D6 /* MyCVUITests.swift in Sources */,
			);
			runOnlyForDeploymentPostprocessing = 0;
		};
/* End PBXSourcesBuildPhase section */

/* Begin PBXTargetDependency section */
		359476B92715A0F300CB65D6 /* PBXTargetDependency */ = {
			isa = PBXTargetDependency;
			target = 359476A52715A0F300CB65D6 /* MyCV */;
			targetProxy = 359476B82715A0F300CB65D6 /* PBXContainerItemProxy */;
		};
		359476C42715A0F300CB65D6 /* PBXTargetDependency */ = {
			isa = PBXTargetDependency;
			target = 359476A52715A0F300CB65D6 /* MyCV */;
			targetProxy = 359476C32715A0F300CB65D6 /* PBXContainerItemProxy */;
		};
/* End PBXTargetDependency section */

/* Begin XCBuildConfiguration section */
		359476C92715A0F400CB65D6 /* Debug */ = {
			isa = XCBuildConfiguration;
			buildSettings = {
				ALWAYS_SEARCH_USER_PATHS = NO;
				CLANG_ANALYZER_NONNULL = YES;
				CLANG_ANALYZER_NUMBER_OBJECT_CONVERSION = YES_AGGRESSIVE;
				CLANG_CXX_LANGUAGE_STANDARD = "gnu++14";
				CLANG_CXX_LIBRARY = "libc++";
				CLANG_ENABLE_MODULES = YES;
				CLANG_ENABLE_OBJC_ARC = YES;
				CLANG_ENABLE_OBJC_WEAK = YES;
				CLANG_WARN_BLOCK_CAPTURE_AUTORELEASING = YES;
				CLANG_WARN_BOOL_CONVERSION = YES;
				CLANG_WARN_COMMA = YES;
				CLANG_WARN_CONSTANT_CONVERSION = YES;
				CLANG_WARN_DEPRECATED_OBJC_IMPLEMENTATIONS = YES;
				CLANG_WARN_DIRECT_OBJC_ISA_USAGE = YES_ERROR;
				CLANG_WARN_DOCUMENTATION_COMMENTS = YES;
				CLANG_WARN_EMPTY_BODY = YES;
				CLANG_WARN_ENUM_CONVERSION = YES;
				CLANG_WARN_INFINITE_RECURSION = YES;
				CLANG_WARN_INT_CONVERSION = YES;
				CLANG_WARN_NON_LITERAL_NULL_CONVERSION = YES;
				CLANG_WARN_OBJC_IMPLICIT_RETAIN_SELF = YES;
				CLANG_WARN_OBJC_LITERAL_CONVERSION = YES;
				CLANG_WARN_OBJC_ROOT_CLASS = YES_ERROR;
				CLANG_WARN_QUOTED_INCLUDE_IN_FRAMEWORK_HEADER = YES;
				CLANG_WARN_RANGE_LOOP_ANALYSIS = YES;
				CLANG_WARN_STRICT_PROTOTYPES = YES;
				CLANG_WARN_SUSPICIOUS_MOVE = YES;
				CLANG_WARN_UNGUARDED_AVAILABILITY = YES_AGGRESSIVE;
				CLANG_WARN_UNREACHABLE_CODE = YES;
				CLANG_WARN__DUPLICATE_METHOD_MATCH = YES;
				COPY_PHASE_STRIP = NO;
				DEBUG_INFORMATION_FORMAT = dwarf;
				ENABLE_STRICT_OBJC_MSGSEND = YES;
				ENABLE_TESTABILITY = YES;
				GCC_C_LANGUAGE_STANDARD = gnu11;
				GCC_DYNAMIC_NO_PIC = NO;
				GCC_NO_COMMON_BLOCKS = YES;
				GCC_OPTIMIZATION_LEVEL = 0;
				GCC_PREPROCESSOR_DEFINITIONS = (
					"DEBUG=1",
					"$(inherited)",
				);
				GCC_WARN_64_TO_32_BIT_CONVERSION = YES;
				GCC_WARN_ABOUT_RETURN_TYPE = YES_ERROR;
				GCC_WARN_UNDECLARED_SELECTOR = YES;
				GCC_WARN_UNINITIALIZED_AUTOS = YES_AGGRESSIVE;
				GCC_WARN_UNUSED_FUNCTION = YES;
				GCC_WARN_UNUSED_VARIABLE = YES;
				IPHONEOS_DEPLOYMENT_TARGET = 14.5;
				MTL_ENABLE_DEBUG_INFO = INCLUDE_SOURCE;
				MTL_FAST_MATH = YES;
				ONLY_ACTIVE_ARCH = YES;
				SDKROOT = iphoneos;
				SWIFT_ACTIVE_COMPILATION_CONDITIONS = DEBUG;
				SWIFT_OPTIMIZATION_LEVEL = "-Onone";
			};
			name = Debug;
		};
		359476CA2715A0F400CB65D6 /* Release */ = {
			isa = XCBuildConfiguration;
			buildSettings = {
				ALWAYS_SEARCH_USER_PATHS = NO;
				CLANG_ANALYZER_NONNULL = YES;
				CLANG_ANALYZER_NUMBER_OBJECT_CONVERSION = YES_AGGRESSIVE;
				CLANG_CXX_LANGUAGE_STANDARD = "gnu++14";
				CLANG_CXX_LIBRARY = "libc++";
				CLANG_ENABLE_MODULES = YES;
				CLANG_ENABLE_OBJC_ARC = YES;
				CLANG_ENABLE_OBJC_WEAK = YES;
				CLANG_WARN_BLOCK_CAPTURE_AUTORELEASING = YES;
				CLANG_WARN_BOOL_CONVERSION = YES;
				CLANG_WARN_COMMA = YES;
				CLANG_WARN_CONSTANT_CONVERSION = YES;
				CLANG_WARN_DEPRECATED_OBJC_IMPLEMENTATIONS = YES;
				CLANG_WARN_DIRECT_OBJC_ISA_USAGE = YES_ERROR;
				CLANG_WARN_DOCUMENTATION_COMMENTS = YES;
				CLANG_WARN_EMPTY_BODY = YES;
				CLANG_WARN_ENUM_CONVERSION = YES;
				CLANG_WARN_INFINITE_RECURSION = YES;
				CLANG_WARN_INT_CONVERSION = YES;
				CLANG_WARN_NON_LITERAL_NULL_CONVERSION = YES;
				CLANG_WARN_OBJC_IMPLICIT_RETAIN_SELF = YES;
				CLANG_WARN_OBJC_LITERAL_CONVERSION = YES;
				CLANG_WARN_OBJC_ROOT_CLASS = YES_ERROR;
				CLANG_WARN_QUOTED_INCLUDE_IN_FRAMEWORK_HEADER = YES;
				CLANG_WARN_RANGE_LOOP_ANALYSIS = YES;
				CLANG_WARN_STRICT_PROTOTYPES = YES;
				CLANG_WARN_SUSPICIOUS_MOVE = YES;
				CLANG_WARN_UNGUARDED_AVAILABILITY = YES_AGGRESSIVE;
				CLANG_WARN_UNREACHABLE_CODE = YES;
				CLANG_WARN__DUPLICATE_METHOD_MATCH = YES;
				COPY_PHASE_STRIP = NO;
				DEBUG_INFORMATION_FORMAT = "dwarf-with-dsym";
				ENABLE_NS_ASSERTIONS = NO;
				ENABLE_STRICT_OBJC_MSGSEND = YES;
				GCC_C_LANGUAGE_STANDARD = gnu11;
				GCC_NO_COMMON_BLOCKS = YES;
				GCC_WARN_64_TO_32_BIT_CONVERSION = YES;
				GCC_WARN_ABOUT_RETURN_TYPE = YES_ERROR;
				GCC_WARN_UNDECLARED_SELECTOR = YES;
				GCC_WARN_UNINITIALIZED_AUTOS = YES_AGGRESSIVE;
				GCC_WARN_UNUSED_FUNCTION = YES;
				GCC_WARN_UNUSED_VARIABLE = YES;
				IPHONEOS_DEPLOYMENT_TARGET = 14.5;
				MTL_ENABLE_DEBUG_INFO = NO;
				MTL_FAST_MATH = YES;
				SDKROOT = iphoneos;
				SWIFT_COMPILATION_MODE = wholemodule;
				SWIFT_OPTIMIZATION_LEVEL = "-O";
				VALIDATE_PRODUCT = YES;
			};
			name = Release;
		};
		359476CC2715A0F400CB65D6 /* Debug */ = {
			isa = XCBuildConfiguration;
			buildSettings = {
				ASSETCATALOG_COMPILER_APPICON_NAME = AppIcon;
				ASSETCATALOG_COMPILER_GLOBAL_ACCENT_COLOR_NAME = AccentColor;
				CODE_SIGN_STYLE = Automatic;
				DEVELOPMENT_ASSET_PATHS = "\"MyCV/Preview Content\"";
				ENABLE_PREVIEWS = YES;
				INFOPLIST_FILE = MyCV/Info.plist;
				IPHONEOS_DEPLOYMENT_TARGET = 14.0;
				LD_RUNPATH_SEARCH_PATHS = (
					"$(inherited)",
					"@executable_path/Frameworks",
				);
				PRODUCT_BUNDLE_IDENTIFIER = com.JavierGalera.MyCV;
				PRODUCT_NAME = "$(TARGET_NAME)";
				SWIFT_VERSION = 5.0;
				TARGETED_DEVICE_FAMILY = "1,2";
			};
			name = Debug;
		};
		359476CD2715A0F400CB65D6 /* Release */ = {
			isa = XCBuildConfiguration;
			buildSettings = {
				ASSETCATALOG_COMPILER_APPICON_NAME = AppIcon;
				ASSETCATALOG_COMPILER_GLOBAL_ACCENT_COLOR_NAME = AccentColor;
				CODE_SIGN_STYLE = Automatic;
				DEVELOPMENT_ASSET_PATHS = "\"MyCV/Preview Content\"";
				ENABLE_PREVIEWS = YES;
				INFOPLIST_FILE = MyCV/Info.plist;
				IPHONEOS_DEPLOYMENT_TARGET = 14.0;
				LD_RUNPATH_SEARCH_PATHS = (
					"$(inherited)",
					"@executable_path/Frameworks",
				);
				PRODUCT_BUNDLE_IDENTIFIER = com.JavierGalera.MyCV;
				PRODUCT_NAME = "$(TARGET_NAME)";
				SWIFT_VERSION = 5.0;
				TARGETED_DEVICE_FAMILY = "1,2";
			};
			name = Release;
		};
		359476CF2715A0F400CB65D6 /* Debug */ = {
			isa = XCBuildConfiguration;
			buildSettings = {
				ALWAYS_EMBED_SWIFT_STANDARD_LIBRARIES = YES;
				BUNDLE_LOADER = "$(TEST_HOST)";
				CODE_SIGN_STYLE = Automatic;
				INFOPLIST_FILE = MyCVTests/Info.plist;
				IPHONEOS_DEPLOYMENT_TARGET = 14.0;
				LD_RUNPATH_SEARCH_PATHS = (
					"$(inherited)",
					"@executable_path/Frameworks",
					"@loader_path/Frameworks",
				);
				PRODUCT_BUNDLE_IDENTIFIER = com.JavierGalera.MyCVTests;
				PRODUCT_NAME = "$(TARGET_NAME)";
				SWIFT_VERSION = 5.0;
				TARGETED_DEVICE_FAMILY = "1,2";
				TEST_HOST = "$(BUILT_PRODUCTS_DIR)/MyCV.app/MyCV";
			};
			name = Debug;
		};
		359476D02715A0F400CB65D6 /* Release */ = {
			isa = XCBuildConfiguration;
			buildSettings = {
				ALWAYS_EMBED_SWIFT_STANDARD_LIBRARIES = YES;
				BUNDLE_LOADER = "$(TEST_HOST)";
				CODE_SIGN_STYLE = Automatic;
				INFOPLIST_FILE = MyCVTests/Info.plist;
				IPHONEOS_DEPLOYMENT_TARGET = 14.0;
				LD_RUNPATH_SEARCH_PATHS = (
					"$(inherited)",
					"@executable_path/Frameworks",
					"@loader_path/Frameworks",
				);
				PRODUCT_BUNDLE_IDENTIFIER = com.JavierGalera.MyCVTests;
				PRODUCT_NAME = "$(TARGET_NAME)";
				SWIFT_VERSION = 5.0;
				TARGETED_DEVICE_FAMILY = "1,2";
				TEST_HOST = "$(BUILT_PRODUCTS_DIR)/MyCV.app/MyCV";
			};
			name = Release;
		};
		359476D22715A0F400CB65D6 /* Debug */ = {
			isa = XCBuildConfiguration;
			buildSettings = {
				ALWAYS_EMBED_SWIFT_STANDARD_LIBRARIES = YES;
				CODE_SIGN_STYLE = Automatic;
				INFOPLIST_FILE = MyCVUITests/Info.plist;
				LD_RUNPATH_SEARCH_PATHS = (
					"$(inherited)",
					"@executable_path/Frameworks",
					"@loader_path/Frameworks",
				);
				PRODUCT_BUNDLE_IDENTIFIER = com.JavierGalera.MyCVUITests;
				PRODUCT_NAME = "$(TARGET_NAME)";
				SWIFT_VERSION = 5.0;
				TARGETED_DEVICE_FAMILY = "1,2";
				TEST_TARGET_NAME = MyCV;
			};
			name = Debug;
		};
		359476D32715A0F400CB65D6 /* Release */ = {
			isa = XCBuildConfiguration;
			buildSettings = {
				ALWAYS_EMBED_SWIFT_STANDARD_LIBRARIES = YES;
				CODE_SIGN_STYLE = Automatic;
				INFOPLIST_FILE = MyCVUITests/Info.plist;
				LD_RUNPATH_SEARCH_PATHS = (
					"$(inherited)",
					"@executable_path/Frameworks",
					"@loader_path/Frameworks",
				);
				PRODUCT_BUNDLE_IDENTIFIER = com.JavierGalera.MyCVUITests;
				PRODUCT_NAME = "$(TARGET_NAME)";
				SWIFT_VERSION = 5.0;
				TARGETED_DEVICE_FAMILY = "1,2";
				TEST_TARGET_NAME = MyCV;
			};
			name = Release;
		};
/* End XCBuildConfiguration section */

/* Begin XCConfigurationList section */
		359476A12715A0F300CB65D6 /* Build configuration list for PBXProject "MyCV" */ = {
			isa = XCConfigurationList;
			buildConfigurations = (
				359476C92715A0F400CB65D6 /* Debug */,
				359476CA2715A0F400CB65D6 /* Release */,
			);
			defaultConfigurationIsVisible = 0;
			defaultConfigurationName = Release;
		};
		359476CB2715A0F400CB65D6 /* Build configuration list for PBXNativeTarget "MyCV" */ = {
			isa = XCConfigurationList;
			buildConfigurations = (
				359476CC2715A0F400CB65D6 /* Debug */,
				359476CD2715A0F400CB65D6 /* Release */,
			);
			defaultConfigurationIsVisible = 0;
			defaultConfigurationName = Release;
		};
		359476CE2715A0F400CB65D6 /* Build configuration list for PBXNativeTarget "MyCVTests" */ = {
			isa = XCConfigurationList;
			buildConfigurations = (
				359476CF2715A0F400CB65D6 /* Debug */,
				359476D02715A0F400CB65D6 /* Release */,
			);
			defaultConfigurationIsVisible = 0;
			defaultConfigurationName = Release;
		};
		359476D12715A0F400CB65D6 /* Build configuration list for PBXNativeTarget "MyCVUITests" */ = {
			isa = XCConfigurationList;
			buildConfigurations = (
				359476D22715A0F400CB65D6 /* Debug */,
				359476D32715A0F400CB65D6 /* Release */,
			);
			defaultConfigurationIsVisible = 0;
			defaultConfigurationName = Release;
		};
/* End XCConfigurationList section */
	};
	rootObject = 3594769E2715A0F300CB65D6 /* Project object */;
}
